
Microsoft Visual Studio Solution File, Format Version 12.00
# Visual Studio Version 17
VisualStudioVersion = 17.8.34330.188
MinimumVisualStudioVersion = 10.0.40219.1
Project("{FAE04EC0-301F-11D3-BF4B-00C04F79EFBC}") = "array2", "array2\array2.csproj", "{FEF86E61-8FAE-48F7-937A-AEEC666A65F6}"
EndProject
Global
	GlobalSection(SolutionConfigurationPlatforms) = preSolution
		Debug|Any CPU = Debug|Any CPU
		Release|Any CPU = Release|Any CPU
	EndGlobalSection
	GlobalSection(ProjectConfigurationPlatforms) = postSolution
		{FEF86E61-8FAE-48F7-937A-AEEC666A65F6}.Debug|Any CPU.ActiveCfg = Debug|Any CPU
		{FEF86E61-8FAE-48F7-937A-AEEC666A65F6}.Debug|Any CPU.Build.0 = Debug|Any CPU
		{FEF86E61-8FAE-48F7-937A-AEEC666A65F6}.Release|Any CPU.ActiveCfg = Release|Any CPU
		{FEF86E61-8FAE-48F7-937A-AEEC666A65F6}.Release|Any CPU.Build.0 = Release|Any CPU
	EndGlobalSection
	GlobalSection(SolutionProperties) = preSolution
		HideSolutionNode = FALSE
	EndGlobalSection
	GlobalSection(ExtensibilityGlobals) = postSolution
		SolutionGuid = {1BC9FC97-92CB-4D2F-9F31-AB55B41EC486}
	EndGlobalSection
EndGlobal
